# This file is automatically @generated by Cargo.
# It is not intended for manual editing.
version = 4

[[package]]
name = "bitflags"
version = "2.9.4"
source = "registry+https://github.com/rust-lang/crates.io-index"
checksum = "2261d10cca569e4643e526d8dc2e62e433cc8aba21ab764233731f8d369bf394"

[[package]]
name = "lazy_static"
version = "1.5.0"
source = "registry+https://github.com/rust-lang/crates.io-index"
checksum = "bbd2bcb4c963f2ddae06a2efc7e9f3591312473c50c6685e1f298068316e66fe"

[[package]]
name = "libc"
version = "0.2.176"
source = "registry+https://github.com/rust-lang/crates.io-index"
checksum = "58f929b4d672ea937a23a1ab494143d968337a5f47e56d0815df1e0890ddf174"

[[package]]
name = "sdl3"
version = "0.15.1"
source = "registry+https://github.com/rust-lang/crates.io-index"
checksum = "27ecee228c5aaa187c8952d5708aaa8dbd2517ea69349eac4b3ed0ec37e09cdb"
dependencies = [
 "bitflags",
 "lazy_static",
 "libc",
 "sdl3-image-sys",
 "sdl3-sys",
]

[[package]]
name = "sdl3-image-sys"
version = "0.2.0+SDL3-image-3.2.4"
source = "registry+https://github.com/rust-lang/crates.io-index"
checksum = "1d92bd93ce75ca9b027474f90c788daf3b5ced8410ee3c1dcb478a10030bf162"
dependencies = [
 "sdl3-sys",
]

[[package]]
name = "sdl3-sys"
version = "0.5.7+SDL3-3.2.24"
source = "registry+https://github.com/rust-lang/crates.io-index"
checksum = "1208bd508b0e6c34d16878663b2a00674755db4a6a6e4e6c60863f7c2d160884"

[[package]]
name = "tetris"
version = "0.0.1"
dependencies = [
 "sdl3",
]
